
Microsoft Visual Studio Solution File, Format Version 12.00
# Visual Studio Version 17
VisualStudioVersion = 17.14.36930.0 d17.14
MinimumVisualStudioVersion = 10.0.40219.1
Project("{FAE04EC0-301F-11D3-BF4B-00C04F79EFBC}") = "KtGiuaKy", "KtGiuaKy.csproj", "{B8E245B8-35F3-4B97-A80B-CBB181D741FD}"
EndProject
Global
	GlobalSection(SolutionConfigurationPlatforms) = preSolution
		Debug|Any CPU = Debug|Any CPU
		Release|Any CPU = Release|Any CPU
	EndGlobalSection
	GlobalSection(ProjectConfigurationPlatforms) = postSolution
		{B8E245B8-35F3-4B97-A80B-CBB181D741FD}.Debug|Any CPU.ActiveCfg = Debug|Any CPU
		{B8E245B8-35F3-4B97-A80B-CBB181D741FD}.Debug|Any CPU.Build.0 = Debug|Any CPU
		{B8E245B8-35F3-4B97-A80B-CBB181D741FD}.Release|Any CPU.ActiveCfg = Release|Any CPU
		{B8E245B8-35F3-4B97-A80B-CBB181D741FD}.Release|Any CPU.Build.0 = Release|Any CPU
	EndGlobalSection
	GlobalSection(SolutionProperties) = preSolution
		HideSolutionNode = FALSE
	EndGlobalSection
	GlobalSection(ExtensibilityGlobals) = postSolution
		SolutionGuid = {D12F8D40-86A7-4603-9733-B834FC57A680}
	EndGlobalSection
EndGlobal
